dependencies:
- name: memcached
  repository: https://charts.bitnami.com/bitnami
  version: 6.5.5
- name: rabbitmq
  repository: https://charts.bitnami.com/bitnami
  version: 12.0.7
- name: redis
  repository: https://charts.bitnami.com/bitnami
  version: 17.13.2
- name: postgresql
  repository: https://charts.bitnami.com/bitnami
  version: 12.6.8
digest: sha256:d3aadfb54cfe14c0360b7cf5b1e7c30d700b60ee4b7b75e7f63d70f7a8d2f33a
generated: "2023-07-21T18:09:42.592078+02:00"
